
Microsoft Visual Studio Solution File, Format Version 12.00
# Visual Studio Version 17
VisualStudioVersion = 17.5.33530.505
MinimumVisualStudioVersion = 10.0.40219.1
Project("{FAE04EC0-301F-11D3-BF4B-00C04F79EFBC}") = "Server", "Server\Server.csproj", "{67A75523-6E61-4C5C-95F5-328E60216AB7}"
EndProject
Project("{FAE04EC0-301F-11D3-BF4B-00C04F79EFBC}") = "MIEConsole", "MIEConsole\MIEConsole.csproj", "{A13A8B19-2112-4ECA-8818-21805F5DF239}"
	ProjectSection(ProjectDependencies) = postProject
		{67A75523-6E61-4C5C-95F5-328E60216AB7} = {67A75523-6E61-4C5C-95F5-328E60216AB7}
	EndProjectSection
EndProject
Project("{FAE04EC0-301F-11D3-BF4B-00C04F79EFBC}") = "Client", "Client\Client.csproj", "{93EBC892-802B-4805-B68A-652ECFE6662C}"
	ProjectSection(ProjectDependencies) = postProject
		{67A75523-6E61-4C5C-95F5-328E60216AB7} = {67A75523-6E61-4C5C-95F5-328E60216AB7}
	EndProjectSection
EndProject
Global
	GlobalSection(SolutionConfigurationPlatforms) = preSolution
		Debug|Any CPU = Debug|Any CPU
		Release|Any CPU = Release|Any CPU
	EndGlobalSection
	GlobalSection(ProjectConfigurationPlatforms) = postSolution
		{67A75523-6E61-4C5C-95F5-328E60216AB7}.Debug|Any CPU.ActiveCfg = Debug|Any CPU
		{67A75523-6E61-4C5C-95F5-328E60216AB7}.Debug|Any CPU.Build.0 = Debug|Any CPU
		{67A75523-6E61-4C5C-95F5-328E60216AB7}.Release|Any CPU.ActiveCfg = Release|Any CPU
		{67A75523-6E61-4C5C-95F5-328E60216AB7}.Release|Any CPU.Build.0 = Release|Any CPU
		{A13A8B19-2112-4ECA-8818-21805F5DF239}.Debug|Any CPU.ActiveCfg = Debug|Any CPU
		{A13A8B19-2112-4ECA-8818-21805F5DF239}.Debug|Any CPU.Build.0 = Debug|Any CPU
		{A13A8B19-2112-4ECA-8818-21805F5DF239}.Release|Any CPU.ActiveCfg = Release|Any CPU
		{A13A8B19-2112-4ECA-8818-21805F5DF239}.Release|Any CPU.Build.0 = Release|Any CPU
		{93EBC892-802B-4805-B68A-652ECFE6662C}.Debug|Any CPU.ActiveCfg = Debug|Any CPU
		{93EBC892-802B-4805-B68A-652ECFE6662C}.Debug|Any CPU.Build.0 = Debug|Any CPU
		{93EBC892-802B-4805-B68A-652ECFE6662C}.Release|Any CPU.ActiveCfg = Release|Any CPU
		{93EBC892-802B-4805-B68A-652ECFE6662C}.Release|Any CPU.Build.0 = Release|Any CPU
	EndGlobalSection
	GlobalSection(SolutionProperties) = preSolution
		HideSolutionNode = FALSE
	EndGlobalSection
	GlobalSection(ExtensibilityGlobals) = postSolution
		SolutionGuid = {9A8CFA27-866F-49C9-856E-7185A7A6FFEC}
	EndGlobalSection
EndGlobal
